// !$*UTF8*$!
{
	archiveVersion = 1;
	classes = {
	};
	objectVersion = 46;
	objects = {

/* Begin PBXBuildFile section */
		0698231A1A61D90F0082EE43 /* AppDelegate.swift in Sources */ = {isa = PBXBuildFile; fileRef = 069823191A61D90F0082EE43 /* AppDelegate.swift */; };
		0698231C1A61D90F0082EE43 /* ViewController.swift in Sources */ = {isa = PBXBuildFile; fileRef = 0698231B1A61D90F0082EE43 /* ViewController.swift */; };
		0698231F1A61D90F0082EE43 /* Main.storyboard in Resources */ = {isa = PBXBuildFile; fileRef = 0698231D1A61D90F0082EE43 /* Main.storyboard */; };
		069823211A61D90F0082EE43 /* Images.xcassets in Resources */ = {isa = PBXBuildFile; fileRef = 069823201A61D90F0082EE43 /* Images.xcassets */; };
		069823241A61D90F0082EE43 /* LaunchScreen.xib in Resources */ = {isa = PBXBuildFile; fileRef = 069823221A61D90F0082EE43 /* LaunchScreen.xib */; };
		069823301A61D90F0082EE43 /* StylizeExampleTests.swift in Sources */ = {isa = PBXBuildFile; fileRef = 0698232F1A61D90F0082EE43 /* StylizeExampleTests.swift */; };
		0698233B1A61D92F0082EE43 /* Stylize.swift in Sources */ = {isa = PBXBuildFile; fileRef = 0698233A1A61D92F0082EE43 /* Stylize.swift */; };
/* End PBXBuildFile section */

/* Begin PBXContainerItemProxy section */
		0698232A1A61D90F0082EE43 /* PBXContainerItemProxy */ = {
			isa = PBXContainerItemProxy;
			containerPortal = 0698230C1A61D90F0082EE43 /* Project object */;
			proxyType = 1;
			remoteGlobalIDString = 069823131A61D90F0082EE43;
			remoteInfo = StylizeExample;
		};
/* End PBXContainerItemProxy section */

/* Begin PBXFileReference section */
		069823141A61D90F0082EE43 /* StylizeExample.app */ = {isa = PBXFileReference; explicitFileType = wrapper.application; includeInIndex = 0; path = StylizeExample.app; sourceTree = BUILT_PRODUCTS_DIR; };
		069823181A61D90F0082EE43 /* Info.plist */ = {isa = PBXFileReference; lastKnownFileType = text.plist.xml; path = Info.plist; sourceTree = "<group>"; };
		069823191A61D90F0082EE43 /* AppDelegate.swift */ = {isa = PBXFileReference; lastKnownFileType = sourcecode.swift; path = AppDelegate.swift; sourceTree = "<group>"; };
		0698231B1A61D90F0082EE43 /* ViewController.swift */ = {isa = PBXFileReference; lastKnownFileType = sourcecode.swift; path = ViewController.swift; sourceTree = "<group>"; };
		0698231E1A61D90F0082EE43 /* Base */ = {isa = PBXFileReference; lastKnownFileType = file.storyboard; name = Base; path = Base.lproj/Main.storyboard; sourceTree = "<group>"; };
		069823201A61D90F0082EE43 /* Images.xcassets */ = {isa = PBXFileReference; lastKnownFileType = folder.assetcatalog; path = Images.xcassets; sourceTree = "<group>"; };
		069823231A61D90F0082EE43 /* Base */ = {isa = PBXFileReference; lastKnownFileType = file.xib; name = Base; path = Base.lproj/LaunchScreen.xib; sourceTree = "<group>"; };
		069823291A61D90F0082EE43 /* StylizeExampleTests.xctest */ = {isa = PBXFileReference; explicitFileType = wrapper.cfbundle; includeInIndex = 0; path = StylizeExampleTests.xctest; sourceTree = BUILT_PRODUCTS_DIR; };
		0698232E1A61D90F0082EE43 /* Info.plist */ = {isa = PBXFileReference; lastKnownFileType = text.plist.xml; path = Info.plist; sourceTree = "<group>"; };
		0698232F1A61D90F0082EE43 /* StylizeExampleTests.swift */ = {isa = PBXFileReference; lastKnownFileType = sourcecode.swift; path = StylizeExampleTests.swift; sourceTree = "<group>"; };
		0698233A1A61D92F0082EE43 /* Stylize.swift */ = {isa = PBXFileReference; fileEncoding = 4; lastKnownFileType = sourcecode.swift; name = Stylize.swift; path = ../Stylize.swift; sourceTree = "<group>"; };
/* End PBXFileReference section */

/* Begin PBXFrameworksBuildPhase section */
		069823111A61D90F0082EE43 /* Frameworks */ = {
			isa = PBXFrameworksBuildPhase;
			buildActionMask = 2147483647;
			files = (
			);
			runOnlyForDeploymentPostprocessing = 0;
		};
		069823261A61D90F0082EE43 /* Frameworks */ = {
			isa = PBXFrameworksBuildPhase;
			buildActionMask = 2147483647;
			files = (
			);
			runOnlyForDeploymentPostprocessing = 0;
		};
/* End PBXFrameworksBuildPhase section */

/* Begin PBXGroup section */
		0698230B1A61D90F0082EE43 = {
			isa = PBXGroup;
			children = (
				069823391A61D91F0082EE43 /* Stylize */,
				069823161A61D90F0082EE43 /* StylizeExample */,
				0698232C1A61D90F0082EE43 /* StylizeExampleTests */,
				069823151A61D90F0082EE43 /* Products */,
			);
			sourceTree = "<group>";
		};
		069823151A61D90F0082EE43 /* Products */ = {
			isa = PBXGroup;
			children = (
				069823141A61D90F0082EE43 /* StylizeExample.app */,
				069823291A61D90F0082EE43 /* StylizeExampleTests.xctest */,
			);
			name = Products;
			sourceTree = "<group>";
		};
		069823161A61D90F0082EE43 /* StylizeExample */ = {
			isa = PBXGroup;
			children = (
				069823191A61D90F0082EE43 /* AppDelegate.swift */,
				0698231B1A61D90F0082EE43 /* ViewController.swift */,
				0698231D1A61D90F0082EE43 /* Main.storyboard */,
				069823201A61D90F0082EE43 /* Images.xcassets */,
				069823221A61D90F0082EE43 /* LaunchScreen.xib */,
				069823171A61D90F0082EE43 /* Supporting Files */,
			);
			path = StylizeExample;
			sourceTree = "<group>";
		};
		069823171A61D90F0082EE43 /* Supporting Files */ = {
			isa = PBXGroup;
			children = (
				069823181A61D90F0082EE43 /* Info.plist */,
			);
			name = "Supporting Files";
			sourceTree = "<group>";
		};
		0698232C1A61D90F0082EE43 /* StylizeExampleTests */ = {
			isa = PBXGroup;
			children = (
				0698232F1A61D90F0082EE43 /* StylizeExampleTests.swift */,
				0698232D1A61D90F0082EE43 /* Supporting Files */,
			);
			path = StylizeExampleTests;
			sourceTree = "<group>";
		};
		0698232D1A61D90F0082EE43 /* Supporting Files */ = {
			isa = PBXGroup;
			children = (
				0698232E1A61D90F0082EE43 /* Info.plist */,
			);
			name = "Supporting Files";
			sourceTree = "<group>";
		};
		069823391A61D91F0082EE43 /* Stylize */ = {
			isa = PBXGroup;
			children = (
				0698233A1A61D92F0082EE43 /* Stylize.swift */,
			);
			name = Stylize;
			sourceTree = "<group>";
		};
/* End PBXGroup section */

/* Begin PBXNativeTarget section */
		069823131A61D90F0082EE43 /* StylizeExample */ = {
			isa = PBXNativeTarget;
			buildConfigurationList = 069823331A61D90F0082EE43 /* Build configuration list for PBXNativeTarget "StylizeExample" */;
			buildPhases = (
				069823101A61D90F0082EE43 /* Sources */,
				069823111A61D90F0082EE43 /* Frameworks */,
				069823121A61D90F0082EE43 /* Resources */,
			);
			buildRules = (
			);
			dependencies = (
			);
			name = StylizeExample;
			productName = StylizeExample;
			productReference = 069823141A61D90F0082EE43 /* StylizeExample.app */;
			productType = "com.apple.product-type.application";
		};
		069823281A61D90F0082EE43 /* StylizeExampleTests */ = {
			isa = PBXNativeTarget;
			buildConfigurationList = 069823361A61D90F0082EE43 /* Build configuration list for PBXNativeTarget "StylizeExampleTests" */;
			buildPhases = (
				069823251A61D90F0082EE43 /* Sources */,
				069823261A61D90F0082EE43 /* Frameworks */,
				069823271A61D90F0082EE43 /* Resources */,
			);
			buildRules = (
			);
			dependencies = (
				0698232B1A61D90F0082EE43 /* PBXTargetDependency */,
			);
			name = StylizeExampleTests;
			productName = StylizeExampleTests;
			productReference = 069823291A61D90F0082EE43 /* StylizeExampleTests.xctest */;
			productType = "com.apple.product-type.bundle.unit-test";
		};
/* End PBXNativeTarget section */

/* Begin PBXProject section */
		0698230C1A61D90F0082EE43 /* Project object */ = {
			isa = PBXProject;
			attributes = {
				LastUpgradeCheck = 0610;
				ORGANIZATIONNAME = alexefish;
				TargetAttributes = {
					069823131A61D90F0082EE43 = {
						CreatedOnToolsVersion = 6.1.1;
					};
					069823281A61D90F0082EE43 = {
						CreatedOnToolsVersion = 6.1.1;
						TestTargetID = 069823131A61D90F0082EE43;
					};
				};
			};
			buildConfigurationList = 0698230F1A61D90F0082EE43 /* Build configuration list for PBXProject "StylizeExample" */;
			compatibilityVersion = "Xcode 3.2";
			developmentRegion = English;
			hasScannedForEncodings = 0;
			knownRegions = (
				en,
				Base,
			);
			mainGroup = 0698230B1A61D90F0082EE43;
			productRefGroup = 069823151A61D90F0082EE43 /* Products */;
			projectDirPath = "";
			projectRoot = "";
			targets = (
				069823131A61D90F0082EE43 /* StylizeExample */,
				069823281A61D90F0082EE43 /* StylizeExampleTests */,
			);
		};
/* End PBXProject section */

/* Begin PBXResourcesBuildPhase section */
		069823121A61D90F0082EE43 /* Resources */ = {
			isa = PBXResourcesBuildPhase;
			buildActionMask = 2147483647;
			files = (
				0698231F1A61D90F0082EE43 /* Main.storyboard in Resources */,
				069823241A61D90F0082EE43 /* LaunchScreen.xib in Resources */,
				069823211A61D90F0082EE43 /* Images.xcassets in Resources */,
			);
			runOnlyForDeploymentPostprocessing = 0;
		};
		069823271A61D90F0082EE43 /* Resources */ = {
			isa = PBXResourcesBuildPhase;
			buildActionMask = 2147483647;
			files = (
			);
			runOnlyForDeploymentPostprocessing = 0;
		};
/* End PBXResourcesBuildPhase section */

/* Begin PBXSourcesBuildPhase section */
		069823101A61D90F0082EE43 /* Sources */ = {
			isa = PBXSourcesBuildPhase;
			buildActionMask = 2147483647;
			files = (
				0698233B1A61D92F0082EE43 /* Stylize.swift in Sources */,
				0698231C1A61D90F0082EE43 /* ViewController.swift in Sources */,
				0698231A1A61D90F0082EE43 /* AppDelegate.swift in Sources */,
			);
			runOnlyForDeploymentPostprocessing = 0;
		};
		069823251A61D90F0082EE43 /* Sources */ = {
			isa = PBXSourcesBuildPhase;
			buildActionMask = 2147483647;
			files = (
				069823301A61D90F0082EE43 /* StylizeExampleTests.swift in Sources */,
			);
			runOnlyForDeploymentPostprocessing = 0;
		};
/* End PBXSourcesBuildPhase section */

/* Begin PBXTargetDependency section */
		0698232B1A61D90F0082EE43 /* PBXTargetDependency */ = {
			isa = PBXTargetDependency;
			target = 069823131A61D90F0082EE43 /* StylizeExample */;
			targetProxy = 0698232A1A61D90F0082EE43 /* PBXContainerItemProxy */;
		};
/* End PBXTargetDependency section */

/* Begin PBXVariantGroup section */
		0698231D1A61D90F0082EE43 /* Main.storyboard */ = {
			isa = PBXVariantGroup;
			children = (
				0698231E1A61D90F0082EE43 /* Base */,
			);
			name = Main.storyboard;
			sourceTree = "<group>";
		};
		069823221A61D90F0082EE43 /* LaunchScreen.xib */ = {
			isa = PBXVariantGroup;
			children = (
				069823231A61D90F0082EE43 /* Base */,
			);
			name = LaunchScreen.xib;
			sourceTree = "<group>";
		};
/* End PBXVariantGroup section */

/* Begin XCBuildConfiguration section */
		069823311A61D90F0082EE43 /* Debug */ = {
			isa = XCBuildConfiguration;
			buildSettings = {
				ALWAYS_SEARCH_USER_PATHS = NO;
				CLANG_CXX_LANGUAGE_STANDARD = "gnu++0x";
				CLANG_CXX_LIBRARY = "libc++";
				CLANG_ENABLE_MODULES = YES;
				CLANG_ENABLE_OBJC_ARC = YES;
				CLANG_WARN_BOOL_CONVERSION = YES;
				CLANG_WARN_CONSTANT_CONVERSION = YES;
				CLANG_WARN_DIRECT_OBJC_ISA_USAGE = YES_ERROR;
				CLANG_WARN_EMPTY_BODY = YES;
				CLANG_WARN_ENUM_CONVERSION = YES;
				CLANG_WARN_INT_CONVERSION = YES;
				CLANG_WARN_OBJC_ROOT_CLASS = YES_ERROR;
				CLANG_WARN_UNREACHABLE_CODE = YES;
				CLANG_WARN__DUPLICATE_METHOD_MATCH = YES;
				"CODE_SIGN_IDENTITY[sdk=iphoneos*]" = "iPhone Developer";
				COPY_PHASE_STRIP = NO;
				ENABLE_STRICT_OBJC_MSGSEND = YES;
				GCC_C_LANGUAGE_STANDARD = gnu99;
				GCC_DYNAMIC_NO_PIC = NO;
				GCC_OPTIMIZATION_LEVEL = 0;
				GCC_PREPROCESSOR_DEFINITIONS = (
					"DEBUG=1",
					"$(inherited)",
				);
				GCC_SYMBOLS_PRIVATE_EXTERN = NO;
				GCC_WARN_64_TO_32_BIT_CONVERSION = YES;
				GCC_WARN_ABOUT_RETURN_TYPE = YES_ERROR;
				GCC_WARN_UNDECLARED_SELECTOR = YES;
				GCC_WARN_UNINITIALIZED_AUTOS = YES_AGGRESSIVE;
				GCC_WARN_UNUSED_FUNCTION = YES;
				GCC_WARN_UNUSED_VARIABLE = YES;
				IPHONEOS_DEPLOYMENT_TARGET = 8.1;
				MTL_ENABLE_DEBUG_INFO = YES;
				ONLY_ACTIVE_ARCH = YES;
				SDKROOT = iphoneos;
				SWIFT_OPTIMIZATION_LEVEL = "-Onone";
			};
			name = Debug;
		};
		069823321A61D90F0082EE43 /* Release */ = {
			isa = XCBuildConfiguration;
			buildSettings = {
				ALWAYS_SEARCH_USER_PATHS = NO;
				CLANG_CXX_LANGUAGE_STANDARD = "gnu++0x";
				CLANG_CXX_LIBRARY = "libc++";
				CLANG_ENABLE_MODULES = YES;
				CLANG_ENABLE_OBJC_ARC = YES;
				CLANG_WARN_BOOL_CONVERSION = YES;
				CLANG_WARN_CONSTANT_CONVERSION = YES;
				CLANG_WARN_DIRECT_OBJC_ISA_USAGE = YES_ERROR;
				CLANG_WARN_EMPTY_BODY = YES;
				CLANG_WARN_ENUM_CONVERSION = YES;
				CLANG_WARN_INT_CONVERSION = YES;
				CLANG_WARN_OBJC_ROOT_CLASS = YES_ERROR;
				CLANG_WARN_UNREACHABLE_CODE = YES;
				CLANG_WARN__DUPLICATE_METHOD_MATCH = YES;
				"CODE_SIGN_IDENTITY[sdk=iphoneos*]" = "iPhone Developer";
				COPY_PHASE_STRIP = YES;
				ENABLE_NS_ASSERTIONS = NO;
				ENABLE_STRICT_OBJC_MSGSEND = YES;
				GCC_C_LANGUAGE_STANDARD = gnu99;
				GCC_WARN_64_TO_32_BIT_CONVERSION = YES;
				GCC_WARN_ABOUT_RETURN_TYPE = YES_ERROR;
				GCC_WARN_UNDECLARED_SELECTOR = YES;
				GCC_WARN_UNINITIALIZED_AUTOS = YES_AGGRESSIVE;
				GCC_WARN_UNUSED_FUNCTION = YES;
				GCC_WARN_UNUSED_VARIABLE = YES;
				IPHONEOS_DEPLOYMENT_TARGET = 8.1;
				MTL_ENABLE_DEBUG_INFO = NO;
				SDKROOT = iphoneos;
				VALIDATE_PRODUCT = YES;
			};
			name = Release;
		};
		069823341A61D90F0082EE43 /* Debug */ = {
			isa = XCBuildConfiguration;
			buildSettings = {
				ASSETCATALOG_COMPILER_APPICON_NAME = AppIcon;
				INFOPLIST_FILE = StylizeExample/Info.plist;
				LD_RUNPATH_SEARCH_PATHS = "$(inherited) @executable_path/Frameworks";
				PRODUCT_NAME = "$(TARGET_NAME)";
			};
			name = Debug;
		};
		069823351A61D90F0082EE43 /* Release */ = {
			isa = XCBuildConfiguration;
			buildSettings = {
				ASSETCATALOG_COMPILER_APPICON_NAME = AppIcon;
				INFOPLIST_FILE = StylizeExample/Info.plist;
				LD_RUNPATH_SEARCH_PATHS = "$(inherited) @executable_path/Frameworks";
				PRODUCT_NAME = "$(TARGET_NAME)";
			};
			name = Release;
		};
		069823371A61D90F0082EE43 /* Debug */ = {
			isa = XCBuildConfiguration;
			buildSettings = {
				BUNDLE_LOADER = "$(TEST_HOST)";
				FRAMEWORK_SEARCH_PATHS = (
					"$(SDKROOT)/Developer/Library/Frameworks",
					"$(inherited)",
				);
				GCC_PREPROCESSOR_DEFINITIONS = (
					"DEBUG=1",
					"$(inherited)",
				);
				INFOPLIST_FILE = StylizeExampleTests/Info.plist;
				LD_RUNPATH_SEARCH_PATHS = "$(inherited) @executable_path/Frameworks @loader_path/Frameworks";
				PRODUCT_NAME = "$(TARGET_NAME)";
				TEST_HOST = "$(BUILT_PRODUCTS_DIR)/StylizeExample.app/StylizeExample";
			};
			name = Debug;
		};
		069823381A61D90F0082EE43 /* Release */ = {
			isa = XCBuildConfiguration;
			buildSettings = {
				BUNDLE_LOADER = "$(TEST_HOST)";
				FRAMEWORK_SEARCH_PATHS = (
					"$(SDKROOT)/Developer/Library/Frameworks",
					"$(inherited)",
				);
				INFOPLIST_FILE = StylizeExampleTests/Info.plist;
				LD_RUNPATH_SEARCH_PATHS = "$(inherited) @executable_path/Frameworks @loader_path/Frameworks";
				PRODUCT_NAME = "$(TARGET_NAME)";
				TEST_HOST = "$(BUILT_PRODUCTS_DIR)/StylizeExample.app/StylizeExample";
			};
			name = Release;
		};
/* End XCBuildConfiguration section */

/* Begin XCConfigurationList section */
		0698230F1A61D90F0082EE43 /* Build configuration list for PBXProject "StylizeExample" */ = {
			isa = XCConfigurationList;
			buildConfigurations = (
				069823311A61D90F0082EE43 /* Debug */,
				069823321A61D90F0082EE43 /* Release */,
			);
			defaultConfigurationIsVisible = 0;
			defaultConfigurationName = Release;
		};
		069823331A61D90F0082EE43 /* Build configuration list for PBXNativeTarget "StylizeExample" */ = {
			isa = XCConfigurationList;
			buildConfigurations = (
				069823341A61D90F0082EE43 /* Debug */,
				069823351A61D90F0082EE43 /* Release */,
			);
			defaultConfigurationIsVisible = 0;
		};
		069823361A61D90F0082EE43 /* Build configuration list for PBXNativeTarget "StylizeExampleTests" */ = {
			isa = XCConfigurationList;
			buildConfigurations = (
				069823371A61D90F0082EE43 /* Debug */,
				069823381A61D90F0082EE43 /* Release */,
			);
			defaultConfigurationIsVisible = 0;
		};
/* End XCConfigurationList section */
	};
	rootObject = 0698230C1A61D90F0082EE43 /* Project object */;
}
